
Microsoft Visual Studio Solution File, Format Version 12.00
# Visual Studio Version 17
VisualStudioVersion = 17.2.32519.379
MinimumVisualStudioVersion = 10.0.40219.1
Project("{FAE04EC0-301F-11D3-BF4B-00C04F79EFBC}") = "Abu Hasnat Assignment 1", "Abu Hasnat Assignment 1\Abu Hasnat Assignment 1.csproj", "{BDDB0A2A-5A55-4812-95B0-E740E35D6977}"
EndProject
Global
	GlobalSection(SolutionConfigurationPlatforms) = preSolution
		Debug|Any CPU = Debug|Any CPU
		Release|Any CPU = Release|Any CPU
	EndGlobalSection
	GlobalSection(ProjectConfigurationPlatforms) = postSolution
		{BDDB0A2A-5A55-4812-95B0-E740E35D6977}.Debug|Any CPU.ActiveCfg = Debug|Any CPU
		{BDDB0A2A-5A55-4812-95B0-E740E35D6977}.Debug|Any CPU.Build.0 = Debug|Any CPU
		{BDDB0A2A-5A55-4812-95B0-E740E35D6977}.Release|Any CPU.ActiveCfg = Release|Any CPU
		{BDDB0A2A-5A55-4812-95B0-E740E35D6977}.Release|Any CPU.Build.0 = Release|Any CPU
	EndGlobalSection
	GlobalSection(SolutionProperties) = preSolution
		HideSolutionNode = FALSE
	EndGlobalSection
	GlobalSection(ExtensibilityGlobals) = postSolution
		SolutionGuid = {061C7246-B35E-47C8-B8FC-367D8B860DD3}
	EndGlobalSection
EndGlobal
